
Microsoft Visual Studio Solution File, Format Version 12.00
# Visual Studio Version 17
VisualStudioVersion = 17.8.34511.84
MinimumVisualStudioVersion = 10.0.40219.1
Project("{FAE04EC0-301F-11D3-BF4B-00C04F79EFBC}") = "Modeling LR1", "Modeling LR1\Modeling LR1.csproj", "{AFB38B23-1801-4A92-AA17-90A732B62E78}"
EndProject
Global
	GlobalSection(SolutionConfigurationPlatforms) = preSolution
		Debug|Any CPU = Debug|Any CPU
		Release|Any CPU = Release|Any CPU
	EndGlobalSection
	GlobalSection(ProjectConfigurationPlatforms) = postSolution
		{AFB38B23-1801-4A92-AA17-90A732B62E78}.Debug|Any CPU.ActiveCfg = Debug|Any CPU
		{AFB38B23-1801-4A92-AA17-90A732B62E78}.Debug|Any CPU.Build.0 = Debug|Any CPU
		{AFB38B23-1801-4A92-AA17-90A732B62E78}.Release|Any CPU.ActiveCfg = Release|Any CPU
		{AFB38B23-1801-4A92-AA17-90A732B62E78}.Release|Any CPU.Build.0 = Release|Any CPU
	EndGlobalSection
	GlobalSection(SolutionProperties) = preSolution
		HideSolutionNode = FALSE
	EndGlobalSection
	GlobalSection(ExtensibilityGlobals) = postSolution
		SolutionGuid = {9D92F99C-5B05-4AB6-A013-0B9CF4D17CB0}
	EndGlobalSection
EndGlobal
